// !$*UTF8*$!
{
	archiveVersion = 1;
	classes = {
	};
	objectVersion = 50;
	objects = {

/* Begin PBXBuildFile section */
		046865E420ECEC8C009BCE05 /* AppDelegate.m in Sources */ = {isa = PBXBuildFile; fileRef = 046865E320ECEC8C009BCE05 /* AppDelegate.m */; };
		046865E720ECEC8C009BCE05 /* ViewController.m in Sources */ = {isa = PBXBuildFile; fileRef = 046865E620ECEC8C009BCE05 /* ViewController.m */; };
		046865EA20ECEC8C009BCE05 /* Main.storyboard in Resources */ = {isa = PBXBuildFile; fileRef = 046865E820ECEC8C009BCE05 /* Main.storyboard */; };
		046865EC20ECECA0009BCE05 /* Assets.xcassets in Resources */ = {isa = PBXBuildFile; fileRef = 046865EB20ECECA0009BCE05 /* Assets.xcassets */; };
		046865EF20ECECA0009BCE05 /* LaunchScreen.storyboard in Resources */ = {isa = PBXBuildFile; fileRef = 046865ED20ECECA0009BCE05 /* LaunchScreen.storyboard */; };
		046865F220ECECA0009BCE05 /* main.m in Sources */ = {isa = PBXBuildFile; fileRef = 046865F120ECECA0009BCE05 /* main.m */; };
		046865FC20ECECA0009BCE05 /* DemoUITests.m in Sources */ = {isa = PBXBuildFile; fileRef = 046865FB20ECECA0009BCE05 /* DemoUITests.m */; };
		0468661720EE3CED009BCE05 /* UIView+ClearSystemGestureEffect.m in Sources */ = {isa = PBXBuildFile; fileRef = 0468661520EE3CED009BCE05 /* UIView+ClearSystemGestureEffect.m */; };
/* End PBXBuildFile section */

/* Begin PBXContainerItemProxy section */
		046865F820ECECA0009BCE05 /* PBXContainerItemProxy */ = {
			isa = PBXContainerItemProxy;
			containerPortal = 046865D720ECEC8C009BCE05 /* Project object */;
			proxyType = 1;
			remoteGlobalIDString = 046865DE20ECEC8C009BCE05;
			remoteInfo = Demo;
		};
/* End PBXContainerItemProxy section */

/* Begin PBXFileReference section */
		046865DF20ECEC8C009BCE05 /* Demo.app */ = {isa = PBXFileReference; explicitFileType = wrapper.application; includeInIndex = 0; path = Demo.app; sourceTree = BUILT_PRODUCTS_DIR; };
		046865E220ECEC8C009BCE05 /* AppDelegate.h */ = {isa = PBXFileReference; lastKnownFileType = sourcecode.c.h; path = AppDelegate.h; sourceTree = "<group>"; };
		046865E320ECEC8C009BCE05 /* AppDelegate.m */ = {isa = PBXFileReference; lastKnownFileType = sourcecode.c.objc; path = AppDelegate.m; sourceTree = "<group>"; };
		046865E520ECEC8C009BCE05 /* ViewController.h */ = {isa = PBXFileReference; lastKnownFileType = sourcecode.c.h; path = ViewController.h; sourceTree = "<group>"; };
		046865E620ECEC8C009BCE05 /* ViewController.m */ = {isa = PBXFileReference; lastKnownFileType = sourcecode.c.objc; path = ViewController.m; sourceTree = "<group>"; };
		046865E920ECEC8C009BCE05 /* Base */ = {isa = PBXFileReference; lastKnownFileType = file.storyboard; name = Base; path = Base.lproj/Main.storyboard; sourceTree = "<group>"; };
		046865EB20ECECA0009BCE05 /* Assets.xcassets */ = {isa = PBXFileReference; lastKnownFileType = folder.assetcatalog; path = Assets.xcassets; sourceTree = "<group>"; };
		046865EE20ECECA0009BCE05 /* Base */ = {isa = PBXFileReference; lastKnownFileType = file.storyboard; name = Base; path = Base.lproj/LaunchScreen.storyboard; sourceTree = "<group>"; };
		046865F020ECECA0009BCE05 /* Info.plist */ = {isa = PBXFileReference; lastKnownFileType = text.plist.xml; path = Info.plist; sourceTree = "<group>"; };
		046865F120ECECA0009BCE05 /* main.m */ = {isa = PBXFileReference; lastKnownFileType = sourcecode.c.objc; path = main.m; sourceTree = "<group>"; };
		046865F720ECECA0009BCE05 /* DemoUITests.xctest */ = {isa = PBXFileReference; explicitFileType = wrapper.cfbundle; includeInIndex = 0; path = DemoUITests.xctest; sourceTree = BUILT_PRODUCTS_DIR; };
		046865FB20ECECA0009BCE05 /* DemoUITests.m */ = {isa = PBXFileReference; lastKnownFileType = sourcecode.c.objc; path = DemoUITests.m; sourceTree = "<group>"; };
		046865FD20ECECA0009BCE05 /* Info.plist */ = {isa = PBXFileReference; lastKnownFileType = text.plist.xml; path = Info.plist; sourceTree = "<group>"; };
		0468661520EE3CED009BCE05 /* UIView+ClearSystemGestureEffect.m */ = {isa = PBXFileReference; fileEncoding = 4; lastKnownFileType = sourcecode.c.objc; name = "UIView+ClearSystemGestureEffect.m"; path = "../../UIView+ClearSystemGestureEffect.m"; sourceTree = "<group>"; };
		0468661620EE3CED009BCE05 /* UIView+ClearSystemGestureEffect.h */ = {isa = PBXFileReference; fileEncoding = 4; lastKnownFileType = sourcecode.c.h; name = "UIView+ClearSystemGestureEffect.h"; path = "../../UIView+ClearSystemGestureEffect.h"; sourceTree = "<group>"; };
/* End PBXFileReference section */

/* Begin PBXFrameworksBuildPhase section */
		046865DC20ECEC8C009BCE05 /* Frameworks */ = {
			isa = PBXFrameworksBuildPhase;
			buildActionMask = 2147483647;
			files = (
			);
			runOnlyForDeploymentPostprocessing = 0;
		};
		046865F420ECECA0009BCE05 /* Frameworks */ = {
			isa = PBXFrameworksBuildPhase;
			buildActionMask = 2147483647;
			files = (
			);
			runOnlyForDeploymentPostprocessing = 0;
		};
/* End PBXFrameworksBuildPhase section */

/* Begin PBXGroup section */
		046865D620ECEC8C009BCE05 = {
			isa = PBXGroup;
			children = (
				046865E120ECEC8C009BCE05 /* Demo */,
				046865FA20ECECA0009BCE05 /* DemoUITests */,
				046865E020ECEC8C009BCE05 /* Products */,
				0E4B66FD67057050A470E7CB /* Frameworks */,
			);
			sourceTree = "<group>";
		};
		046865E020ECEC8C009BCE05 /* Products */ = {
			isa = PBXGroup;
			children = (
				046865DF20ECEC8C009BCE05 /* Demo.app */,
				046865F720ECECA0009BCE05 /* DemoUITests.xctest */,
			);
			name = Products;
			sourceTree = "<group>";
		};
		046865E120ECEC8C009BCE05 /* Demo */ = {
			isa = PBXGroup;
			children = (
				046865E220ECEC8C009BCE05 /* AppDelegate.h */,
				046865E320ECEC8C009BCE05 /* AppDelegate.m */,
				046865E520ECEC8C009BCE05 /* ViewController.h */,
				046865E620ECEC8C009BCE05 /* ViewController.m */,
				046865E820ECEC8C009BCE05 /* Main.storyboard */,
				0468661620EE3CED009BCE05 /* UIView+ClearSystemGestureEffect.h */,
				0468661520EE3CED009BCE05 /* UIView+ClearSystemGestureEffect.m */,
				046865EB20ECECA0009BCE05 /* Assets.xcassets */,
				046865ED20ECECA0009BCE05 /* LaunchScreen.storyboard */,
				046865F020ECECA0009BCE05 /* Info.plist */,
				046865F120ECECA0009BCE05 /* main.m */,
			);
			path = Demo;
			sourceTree = "<group>";
		};
		046865FA20ECECA0009BCE05 /* DemoUITests */ = {
			isa = PBXGroup;
			children = (
				046865FB20ECECA0009BCE05 /* DemoUITests.m */,
				046865FD20ECECA0009BCE05 /* Info.plist */,
			);
			path = DemoUITests;
			sourceTree = "<group>";
		};
		0E4B66FD67057050A470E7CB /* Frameworks */ = {
			isa = PBXGroup;
			children = (
			);
			name = Frameworks;
			sourceTree = "<group>";
		};
/* End PBXGroup section */

/* Begin PBXNativeTarget section */
		046865DE20ECEC8C009BCE05 /* Demo */ = {
			isa = PBXNativeTarget;
			buildConfigurationList = 0468660020ECECA0009BCE05 /* Build configuration list for PBXNativeTarget "Demo" */;
			buildPhases = (
				046865DB20ECEC8C009BCE05 /* Sources */,
				046865DC20ECEC8C009BCE05 /* Frameworks */,
				046865DD20ECEC8C009BCE05 /* Resources */,
			);
			buildRules = (
			);
			dependencies = (
			);
			name = Demo;
			productName = Demo;
			productReference = 046865DF20ECEC8C009BCE05 /* Demo.app */;
			productType = "com.apple.product-type.application";
		};
		046865F620ECECA0009BCE05 /* DemoUITests */ = {
			isa = PBXNativeTarget;
			buildConfigurationList = 0468660320ECECA0009BCE05 /* Build configuration list for PBXNativeTarget "DemoUITests" */;
			buildPhases = (
				046865F320ECECA0009BCE05 /* Sources */,
				046865F420ECECA0009BCE05 /* Frameworks */,
				046865F520ECECA0009BCE05 /* Resources */,
			);
			buildRules = (
			);
			dependencies = (
				046865F920ECECA0009BCE05 /* PBXTargetDependency */,
			);
			name = DemoUITests;
			productName = DemoUITests;
			productReference = 046865F720ECECA0009BCE05 /* DemoUITests.xctest */;
			productType = "com.apple.product-type.bundle.ui-testing";
		};
/* End PBXNativeTarget section */

/* Begin PBXProject section */
		046865D720ECEC8C009BCE05 /* Project object */ = {
			isa = PBXProject;
			attributes = {
				LastUpgradeCheck = 0940;
				ORGANIZATIONNAME = leapmotor;
				TargetAttributes = {
					046865DE20ECEC8C009BCE05 = {
						CreatedOnToolsVersion = 9.4.1;
					};
					046865F620ECECA0009BCE05 = {
						CreatedOnToolsVersion = 9.4.1;
						TestTargetID = 046865DE20ECEC8C009BCE05;
					};
				};
			};
			buildConfigurationList = 046865DA20ECEC8C009BCE05 /* Build configuration list for PBXProject "Demo" */;
			compatibilityVersion = "Xcode 9.3";
			developmentRegion = en;
			hasScannedForEncodings = 0;
			knownRegions = (
				en,
				Base,
			);
			mainGroup = 046865D620ECEC8C009BCE05;
			productRefGroup = 046865E020ECEC8C009BCE05 /* Products */;
			projectDirPath = "";
			projectRoot = "";
			targets = (
				046865DE20ECEC8C009BCE05 /* Demo */,
				046865F620ECECA0009BCE05 /* DemoUITests */,
			);
		};
/* End PBXProject section */

/* Begin PBXResourcesBuildPhase section */
		046865DD20ECEC8C009BCE05 /* Resources */ = {
			isa = PBXResourcesBuildPhase;
			buildActionMask = 2147483647;
			files = (
				046865EF20ECECA0009BCE05 /* LaunchScreen.storyboard in Resources */,
				046865EC20ECECA0009BCE05 /* Assets.xcassets in Resources */,
				046865EA20ECEC8C009BCE05 /* Main.storyboard in Resources */,
			);
			runOnlyForDeploymentPostprocessing = 0;
		};
		046865F520ECECA0009BCE05 /* Resources */ = {
			isa = PBXResourcesBuildPhase;
			buildActionMask = 2147483647;
			files = (
			);
			runOnlyForDeploymentPostprocessing = 0;
		};
/* End PBXResourcesBuildPhase section */

/* Begin PBXSourcesBuildPhase section */
		046865DB20ECEC8C009BCE05 /* Sources */ = {
			isa = PBXSourcesBuildPhase;
			buildActionMask = 2147483647;
			files = (
				0468661720EE3CED009BCE05 /* UIView+ClearSystemGestureEffect.m in Sources */,
				046865E720ECEC8C009BCE05 /* ViewController.m in Sources */,
				046865F220ECECA0009BCE05 /* main.m in Sources */,
				046865E420ECEC8C009BCE05 /* AppDelegate.m in Sources */,
			);
			runOnlyForDeploymentPostprocessing = 0;
		};
		046865F320ECECA0009BCE05 /* Sources */ = {
			isa = PBXSourcesBuildPhase;
			buildActionMask = 2147483647;
			files = (
				046865FC20ECECA0009BCE05 /* DemoUITests.m in Sources */,
			);
			runOnlyForDeploymentPostprocessing = 0;
		};
/* End PBXSourcesBuildPhase section */

/* Begin PBXTargetDependency section */
		046865F920ECECA0009BCE05 /* PBXTargetDependency */ = {
			isa = PBXTargetDependency;
			target = 046865DE20ECEC8C009BCE05 /* Demo */;
			targetProxy = 046865F820ECECA0009BCE05 /* PBXContainerItemProxy */;
		};
/* End PBXTargetDependency section */

/* Begin PBXVariantGroup section */
		046865E820ECEC8C009BCE05 /* Main.storyboard */ = {
			isa = PBXVariantGroup;
			children = (
				046865E920ECEC8C009BCE05 /* Base */,
			);
			name = Main.storyboard;
			sourceTree = "<group>";
		};
		046865ED20ECECA0009BCE05 /* LaunchScreen.storyboard */ = {
			isa = PBXVariantGroup;
			children = (
				046865EE20ECECA0009BCE05 /* Base */,
			);
			name = LaunchScreen.storyboard;
			sourceTree = "<group>";
		};
/* End PBXVariantGroup section */

/* Begin XCBuildConfiguration section */
		046865FE20ECECA0009BCE05 /* Debug */ = {
			isa = XCBuildConfiguration;
			buildSettings = {
				ALWAYS_SEARCH_USER_PATHS = NO;
				CLANG_ANALYZER_NONNULL = YES;
				CLANG_ANALYZER_NUMBER_OBJECT_CONVERSION = YES_AGGRESSIVE;
				CLANG_CXX_LANGUAGE_STANDARD = "gnu++14";
				CLANG_CXX_LIBRARY = "libc++";
				CLANG_ENABLE_MODULES = YES;
				CLANG_ENABLE_OBJC_ARC = YES;
				CLANG_ENABLE_OBJC_WEAK = YES;
				CLANG_WARN_BLOCK_CAPTURE_AUTORELEASING = YES;
				CLANG_WARN_BOOL_CONVERSION = YES;
				CLANG_WARN_COMMA = YES;
				CLANG_WARN_CONSTANT_CONVERSION = YES;
				CLANG_WARN_DEPRECATED_OBJC_IMPLEMENTATIONS = YES;
				CLANG_WARN_DIRECT_OBJC_ISA_USAGE = YES_ERROR;
				CLANG_WARN_DOCUMENTATION_COMMENTS = YES;
				CLANG_WARN_EMPTY_BODY = YES;
				CLANG_WARN_ENUM_CONVERSION = YES;
				CLANG_WARN_INFINITE_RECURSION = YES;
				CLANG_WARN_INT_CONVERSION = YES;
				CLANG_WARN_NON_LITERAL_NULL_CONVERSION = YES;
				CLANG_WARN_OBJC_IMPLICIT_RETAIN_SELF = YES;
				CLANG_WARN_OBJC_LITERAL_CONVERSION = YES;
				CLANG_WARN_OBJC_ROOT_CLASS = YES_ERROR;
				CLANG_WARN_RANGE_LOOP_ANALYSIS = YES;
				CLANG_WARN_STRICT_PROTOTYPES = YES;
				CLANG_WARN_SUSPICIOUS_MOVE = YES;
				CLANG_WARN_UNGUARDED_AVAILABILITY = YES_AGGRESSIVE;
				CLANG_WARN_UNREACHABLE_CODE = YES;
				CLANG_WARN__DUPLICATE_METHOD_MATCH = YES;
				CODE_SIGN_IDENTITY = "iPhone Developer";
				COPY_PHASE_STRIP = NO;
				DEBUG_INFORMATION_FORMAT = dwarf;
				ENABLE_STRICT_OBJC_MSGSEND = YES;
				ENABLE_TESTABILITY = YES;
				GCC_C_LANGUAGE_STANDARD = gnu11;
				GCC_DYNAMIC_NO_PIC = NO;
				GCC_NO_COMMON_BLOCKS = YES;
				GCC_OPTIMIZATION_LEVEL = 0;
				GCC_PREPROCESSOR_DEFINITIONS = (
					"DEBUG=1",
					"$(inherited)",
				);
				GCC_WARN_64_TO_32_BIT_CONVERSION = YES;
				GCC_WARN_ABOUT_RETURN_TYPE = YES_ERROR;
				GCC_WARN_UNDECLARED_SELECTOR = YES;
				GCC_WARN_UNINITIALIZED_AUTOS = YES_AGGRESSIVE;
				GCC_WARN_UNUSED_FUNCTION = YES;
				GCC_WARN_UNUSED_VARIABLE = YES;
				IPHONEOS_DEPLOYMENT_TARGET = 11.4;
				MTL_ENABLE_DEBUG_INFO = YES;
				ONLY_ACTIVE_ARCH = YES;
				SDKROOT = iphoneos;
			};
			name = Debug;
		};
		046865FF20ECECA0009BCE05 /* Release */ = {
			isa = XCBuildConfiguration;
			buildSettings = {
				ALWAYS_SEARCH_USER_PATHS = NO;
				CLANG_ANALYZER_NONNULL = YES;
				CLANG_ANALYZER_NUMBER_OBJECT_CONVERSION = YES_AGGRESSIVE;
				CLANG_CXX_LANGUAGE_STANDARD = "gnu++14";
				CLANG_CXX_LIBRARY = "libc++";
				CLANG_ENABLE_MODULES = YES;
				CLANG_ENABLE_OBJC_ARC = YES;
				CLANG_ENABLE_OBJC_WEAK = YES;
				CLANG_WARN_BLOCK_CAPTURE_AUTORELEASING = YES;
				CLANG_WARN_BOOL_CONVERSION = YES;
				CLANG_WARN_COMMA = YES;
				CLANG_WARN_CONSTANT_CONVERSION = YES;
				CLANG_WARN_DEPRECATED_OBJC_IMPLEMENTATIONS = YES;
				CLANG_WARN_DIRECT_OBJC_ISA_USAGE = YES_ERROR;
				CLANG_WARN_DOCUMENTATION_COMMENTS = YES;
				CLANG_WARN_EMPTY_BODY = YES;
				CLANG_WARN_ENUM_CONVERSION = YES;
				CLANG_WARN_INFINITE_RECURSION = YES;
				CLANG_WARN_INT_CONVERSION = YES;
				CLANG_WARN_NON_LITERAL_NULL_CONVERSION = YES;
				CLANG_WARN_OBJC_IMPLICIT_RETAIN_SELF = YES;
				CLANG_WARN_OBJC_LITERAL_CONVERSION = YES;
				CLANG_WARN_OBJC_ROOT_CLASS = YES_ERROR;
				CLANG_WARN_RANGE_LOOP_ANALYSIS = YES;
				CLANG_WARN_STRICT_PROTOTYPES = YES;
				CLANG_WARN_SUSPICIOUS_MOVE = YES;
				CLANG_WARN_UNGUARDED_AVAILABILITY = YES_AGGRESSIVE;
				CLANG_WARN_UNREACHABLE_CODE = YES;
				CLANG_WARN__DUPLICATE_METHOD_MATCH = YES;
				CODE_SIGN_IDENTITY = "iPhone Developer";
				COPY_PHASE_STRIP = NO;
				DEBUG_INFORMATION_FORMAT = "dwarf-with-dsym";
				ENABLE_NS_ASSERTIONS = NO;
				ENABLE_STRICT_OBJC_MSGSEND = YES;
				GCC_C_LANGUAGE_STANDARD = gnu11;
				GCC_NO_COMMON_BLOCKS = YES;
				GCC_WARN_64_TO_32_BIT_CONVERSION = YES;
				GCC_WARN_ABOUT_RETURN_TYPE = YES_ERROR;
				GCC_WARN_UNDECLARED_SELECTOR = YES;
				GCC_WARN_UNINITIALIZED_AUTOS = YES_AGGRESSIVE;
				GCC_WARN_UNUSED_FUNCTION = YES;
				GCC_WARN_UNUSED_VARIABLE = YES;
				IPHONEOS_DEPLOYMENT_TARGET = 11.4;
				MTL_ENABLE_DEBUG_INFO = NO;
				SDKROOT = iphoneos;
				VALIDATE_PRODUCT = YES;
			};
			name = Release;
		};
		0468660120ECECA0009BCE05 /* Debug */ = {
			isa = XCBuildConfiguration;
			buildSettings = {
				ASSETCATALOG_COMPILER_APPICON_NAME = AppIcon;
				CODE_SIGN_STYLE = Automatic;
				DEVELOPMENT_TEAM = "";
				INFOPLIST_FILE = Demo/Info.plist;
				LD_RUNPATH_SEARCH_PATHS = (
					"$(inherited)",
					"@executable_path/Frameworks",
				);
				PRODUCT_BUNDLE_IDENTIFIER = com.FlameGrace.Demo;
				PRODUCT_NAME = "$(TARGET_NAME)";
				TARGETED_DEVICE_FAMILY = "1,2";
			};
			name = Debug;
		};
		0468660220ECECA0009BCE05 /* Release */ = {
			isa = XCBuildConfiguration;
			buildSettings = {
				ASSETCATALOG_COMPILER_APPICON_NAME = AppIcon;
				CODE_SIGN_STYLE = Automatic;
				DEVELOPMENT_TEAM = "";
				INFOPLIST_FILE = Demo/Info.plist;
				LD_RUNPATH_SEARCH_PATHS = (
					"$(inherited)",
					"@executable_path/Frameworks",
				);
				PRODUCT_BUNDLE_IDENTIFIER = com.FlameGrace.Demo;
				PRODUCT_NAME = "$(TARGET_NAME)";
				TARGETED_DEVICE_FAMILY = "1,2";
			};
			name = Release;
		};
		0468660420ECECA0009BCE05 /* Debug */ = {
			isa = XCBuildConfiguration;
			buildSettings = {
				CODE_SIGN_STYLE = Automatic;
				DEVELOPMENT_TEAM = M2N857J9C4;
				INFOPLIST_FILE = DemoUITests/Info.plist;
				LD_RUNPATH_SEARCH_PATHS = (
					"$(inherited)",
					"@executable_path/Frameworks",
					"@loader_path/Frameworks",
				);
				PRODUCT_BUNDLE_IDENTIFIER = com.leapmotor.DemoUITests;
				PRODUCT_NAME = "$(TARGET_NAME)";
				TARGETED_DEVICE_FAMILY = "1,2";
				TEST_TARGET_NAME = Demo;
			};
			name = Debug;
		};
		0468660520ECECA0009BCE05 /* Release */ = {
			isa = XCBuildConfiguration;
			buildSettings = {
				CODE_SIGN_STYLE = Automatic;
				DEVELOPMENT_TEAM = M2N857J9C4;
				INFOPLIST_FILE = DemoUITests/Info.plist;
				LD_RUNPATH_SEARCH_PATHS = (
					"$(inherited)",
					"@executable_path/Frameworks",
					"@loader_path/Frameworks",
				);
				PRODUCT_BUNDLE_IDENTIFIER = com.leapmotor.DemoUITests;
				PRODUCT_NAME = "$(TARGET_NAME)";
				TARGETED_DEVICE_FAMILY = "1,2";
				TEST_TARGET_NAME = Demo;
			};
			name = Release;
		};
/* End XCBuildConfiguration section */

/* Begin XCConfigurationList section */
		046865DA20ECEC8C009BCE05 /* Build configuration list for PBXProject "Demo" */ = {
			isa = XCConfigurationList;
			buildConfigurations = (
				046865FE20ECECA0009BCE05 /* Debug */,
				046865FF20ECECA0009BCE05 /* Release */,
			);
			defaultConfigurationIsVisible = 0;
			defaultConfigurationName = Release;
		};
		0468660020ECECA0009BCE05 /* Build configuration list for PBXNativeTarget "Demo" */ = {
			isa = XCConfigurationList;
			buildConfigurations = (
				0468660120ECECA0009BCE05 /* Debug */,
				0468660220ECECA0009BCE05 /* Release */,
			);
			defaultConfigurationIsVisible = 0;
			defaultConfigurationName = Release;
		};
		0468660320ECECA0009BCE05 /* Build configuration list for PBXNativeTarget "DemoUITests" */ = {
			isa = XCConfigurationList;
			buildConfigurations = (
				0468660420ECECA0009BCE05 /* Debug */,
				0468660520ECECA0009BCE05 /* Release */,
			);
			defaultConfigurationIsVisible = 0;
			defaultConfigurationName = Release;
		};
/* End XCConfigurationList section */
	};
	rootObject = 046865D720ECEC8C009BCE05 /* Project object */;
}
